
Microsoft Visual Studio Solution File, Format Version 12.00
# Visual Studio Version 17
VisualStudioVersion = 17.14.36414.22 d17.14
MinimumVisualStudioVersion = 10.0.40219.1
Project("{FAE04EC0-301F-11D3-BF4B-00C04F79EFBC}") = "ascii_art_converter", "ascii_art_converter.csproj", "{C4C94AA1-90D7-4E72-BE8D-B62ABE692168}"
EndProject
Global
	GlobalSection(SolutionConfigurationPlatforms) = preSolution
		Debug|Any CPU = Debug|Any CPU
		Release|Any CPU = Release|Any CPU
	EndGlobalSection
	GlobalSection(ProjectConfigurationPlatforms) = postSolution
		{C4C94AA1-90D7-4E72-BE8D-B62ABE692168}.Debug|Any CPU.ActiveCfg = Debug|Any CPU
		{C4C94AA1-90D7-4E72-BE8D-B62ABE692168}.Debug|Any CPU.Build.0 = Debug|Any CPU
		{C4C94AA1-90D7-4E72-BE8D-B62ABE692168}.Release|Any CPU.ActiveCfg = Release|Any CPU
		{C4C94AA1-90D7-4E72-BE8D-B62ABE692168}.Release|Any CPU.Build.0 = Release|Any CPU
	EndGlobalSection
	GlobalSection(SolutionProperties) = preSolution
		HideSolutionNode = FALSE
	EndGlobalSection
	GlobalSection(ExtensibilityGlobals) = postSolution
		SolutionGuid = {2E648590-73CB-4F29-9919-732DA851DD08}
	EndGlobalSection
EndGlobal
